# This file is automatically @generated by Cargo.
# It is not intended for manual editing.
version = 3

[[package]]
name = "adv_traits"
version = "0.1.0"

[[package]]
name = "adv_types"
version = "0.1.0"

[[package]]
name = "blog_post"
version = "0.1.0"

[[package]]
name = "blog_post_sans_oops"
version = "0.1.0"

[[package]]
name = "boks"
version = "0.1.0"

[[package]]
name = "channels"
version = "0.1.0"

[[package]]
name = "closures"
version = "0.1.0"

[[package]]
name = "cons_list"
version = "0.1.0"

[[package]]
name = "drop"
version = "0.1.0"

[[package]]
name = "gui"
version = "0.1.0"

[[package]]
name = "iterator"
version = "0.1.0"

[[package]]
name = "lurklurk"
version = "0.1.0"

[[package]]
name = "mutex"
version = "0.1.0"

[[package]]
name = "not_so_safe"
version = "0.1.0"

[[package]]
name = "play"
version = "0.1.0"

[[package]]
name = "playground"
version = "0.1.0"

[[package]]
name = "rct"
version = "0.1.0"

[[package]]
name = "ref_cell"
version = "0.1.0"

[[package]]
name = "rusty"
version = "0.1.0"

[[package]]
name = "smart_pointers"
version = "0.1.0"

[[package]]
name = "threads"
version = "0.1.0"

[[package]]
name = "weak"
version = "0.1.0"

[[package]]
name = "weak_refs"
version = "0.1.0"
